
Microsoft Visual Studio Solution File, Format Version 12.00
# Visual Studio Version 17
VisualStudioVersion = 17.5.33502.453
MinimumVisualStudioVersion = 10.0.40219.1
Project("{FAE04EC0-301F-11D3-BF4B-00C04F79EFBC}") = "Memory Mapped File Viewer Tool", "Memory Mapped File Viewer Tool\Memory Mapped File Viewer Tool.csproj", "{29E64D7A-CA1B-4D7E-86C1-374D59E099CE}"
EndProject
Global
	GlobalSection(SolutionConfigurationPlatforms) = preSolution
		Debug|Any CPU = Debug|Any CPU
		Release|Any CPU = Release|Any CPU
	EndGlobalSection
	GlobalSection(ProjectConfigurationPlatforms) = postSolution
		{29E64D7A-CA1B-4D7E-86C1-374D59E099CE}.Debug|Any CPU.ActiveCfg = Debug|Any CPU
		{29E64D7A-CA1B-4D7E-86C1-374D59E099CE}.Debug|Any CPU.Build.0 = Debug|Any CPU
		{29E64D7A-CA1B-4D7E-86C1-374D59E099CE}.Release|Any CPU.ActiveCfg = Release|Any CPU
		{29E64D7A-CA1B-4D7E-86C1-374D59E099CE}.Release|Any CPU.Build.0 = Release|Any CPU
	EndGlobalSection
	GlobalSection(SolutionProperties) = preSolution
		HideSolutionNode = FALSE
	EndGlobalSection
	GlobalSection(ExtensibilityGlobals) = postSolution
		SolutionGuid = {74D471C0-64A7-4FF4-AFD6-15B55EDECCD0}
	EndGlobalSection
EndGlobal
